
Microsoft Visual Studio Solution File, Format Version 12.00
# Visual Studio 15
VisualStudioVersion = 15.0.27130.2027
MinimumVisualStudioVersion = 10.0.40219.1
Project("{FAE04EC0-301F-11D3-BF4B-00C04F79EFBC}") = "ASPWebformConnect", "ASPWebformConnect\ASPWebformConnect.csproj", "{304BCF99-A680-410C-B4C1-2838F2272D32}"
EndProject
Project("{FAE04EC0-301F-11D3-BF4B-00C04F79EFBC}") = "ASPWebformConnect.DATA", "ASPWebformConnect.DATA\ASPWebformConnect.DATA.csproj", "{7777E600-5853-4EB5-A75C-6D04414330E4}"
EndProject
Project("{FAE04EC0-301F-11D3-BF4B-00C04F79EFBC}") = "TestDuRepo", "TestDuRepo\TestDuRepo.csproj", "{4F79E093-2DFE-41FD-84C1-0DEF6189427F}"
EndProject
Global
	GlobalSection(SolutionConfigurationPlatforms) = preSolution
		Debug|Any CPU = Debug|Any CPU
		Release|Any CPU = Release|Any CPU
	EndGlobalSection
	GlobalSection(ProjectConfigurationPlatforms) = postSolution
		{304BCF99-A680-410C-B4C1-2838F2272D32}.Debug|Any CPU.ActiveCfg = Debug|Any CPU
		{304BCF99-A680-410C-B4C1-2838F2272D32}.Debug|Any CPU.Build.0 = Debug|Any CPU
		{304BCF99-A680-410C-B4C1-2838F2272D32}.Release|Any CPU.ActiveCfg = Release|Any CPU
		{304BCF99-A680-410C-B4C1-2838F2272D32}.Release|Any CPU.Build.0 = Release|Any CPU
		{7777E600-5853-4EB5-A75C-6D04414330E4}.Debug|Any CPU.ActiveCfg = Debug|Any CPU
		{7777E600-5853-4EB5-A75C-6D04414330E4}.Debug|Any CPU.Build.0 = Debug|Any CPU
		{7777E600-5853-4EB5-A75C-6D04414330E4}.Release|Any CPU.ActiveCfg = Release|Any CPU
		{7777E600-5853-4EB5-A75C-6D04414330E4}.Release|Any CPU.Build.0 = Release|Any CPU
		{4F79E093-2DFE-41FD-84C1-0DEF6189427F}.Debug|Any CPU.ActiveCfg = Debug|Any CPU
		{4F79E093-2DFE-41FD-84C1-0DEF6189427F}.Debug|Any CPU.Build.0 = Debug|Any CPU
		{4F79E093-2DFE-41FD-84C1-0DEF6189427F}.Release|Any CPU.ActiveCfg = Release|Any CPU
		{4F79E093-2DFE-41FD-84C1-0DEF6189427F}.Release|Any CPU.Build.0 = Release|Any CPU
	EndGlobalSection
	GlobalSection(SolutionProperties) = preSolution
		HideSolutionNode = FALSE
	EndGlobalSection
	GlobalSection(ExtensibilityGlobals) = postSolution
		SolutionGuid = {EB793F63-2AC8-4015-8538-14EC9E251998}
	EndGlobalSection
EndGlobal
